
Microsoft Visual Studio Solution File, Format Version 12.00
# Visual Studio Version 17
VisualStudioVersion = 17.3.32819.101
MinimumVisualStudioVersion = 10.0.40219.1
Project("{9A19103F-16F7-4668-BE54-9A1E7A4F7556}") = "OOPReview", "OOPReview\OOPReview.csproj", "{930EDA84-468E-4B9E-91A2-185CE4BD804A}"
EndProject
Project("{9A19103F-16F7-4668-BE54-9A1E7A4F7556}") = "TestNhlSystem", "TestOOPreview1\TestNhlSystem.csproj", "{59EE4867-4BD0-40B6-8996-5DAC183FB71B}"
EndProject
Global
	GlobalSection(SolutionConfigurationPlatforms) = preSolution
		Debug|Any CPU = Debug|Any CPU
		Release|Any CPU = Release|Any CPU
	EndGlobalSection
	GlobalSection(ProjectConfigurationPlatforms) = postSolution
		{930EDA84-468E-4B9E-91A2-185CE4BD804A}.Debug|Any CPU.ActiveCfg = Debug|Any CPU
		{930EDA84-468E-4B9E-91A2-185CE4BD804A}.Debug|Any CPU.Build.0 = Debug|Any CPU
		{930EDA84-468E-4B9E-91A2-185CE4BD804A}.Release|Any CPU.ActiveCfg = Release|Any CPU
		{930EDA84-468E-4B9E-91A2-185CE4BD804A}.Release|Any CPU.Build.0 = Release|Any CPU
		{59EE4867-4BD0-40B6-8996-5DAC183FB71B}.Debug|Any CPU.ActiveCfg = Debug|Any CPU
		{59EE4867-4BD0-40B6-8996-5DAC183FB71B}.Debug|Any CPU.Build.0 = Debug|Any CPU
		{59EE4867-4BD0-40B6-8996-5DAC183FB71B}.Release|Any CPU.ActiveCfg = Release|Any CPU
		{59EE4867-4BD0-40B6-8996-5DAC183FB71B}.Release|Any CPU.Build.0 = Release|Any CPU
	EndGlobalSection
	GlobalSection(SolutionProperties) = preSolution
		HideSolutionNode = FALSE
	EndGlobalSection
	GlobalSection(ExtensibilityGlobals) = postSolution
		SolutionGuid = {4A878B82-FD35-4ED3-BF80-EA90D903C87D}
	EndGlobalSection
EndGlobal
